
Microsoft Visual Studio Solution File, Format Version 12.00
# Visual Studio Version 17
VisualStudioVersion = 17.1.32319.34
MinimumVisualStudioVersion = 10.0.40219.1
Project("{FAE04EC0-301F-11D3-BF4B-00C04F79EFBC}") = "gui_animate_destop", "gui_animate_destop\gui_animate_destop.csproj", "{DB46BF86-7FDF-4E03-A1AD-14C4D6234258}"
EndProject
Global
	GlobalSection(SolutionConfigurationPlatforms) = preSolution
		Debug|Any CPU = Debug|Any CPU
		Release|Any CPU = Release|Any CPU
	EndGlobalSection
	GlobalSection(ProjectConfigurationPlatforms) = postSolution
		{DB46BF86-7FDF-4E03-A1AD-14C4D6234258}.Debug|Any CPU.ActiveCfg = Debug|Any CPU
		{DB46BF86-7FDF-4E03-A1AD-14C4D6234258}.Debug|Any CPU.Build.0 = Debug|Any CPU
		{DB46BF86-7FDF-4E03-A1AD-14C4D6234258}.Release|Any CPU.ActiveCfg = Release|Any CPU
		{DB46BF86-7FDF-4E03-A1AD-14C4D6234258}.Release|Any CPU.Build.0 = Release|Any CPU
	EndGlobalSection
	GlobalSection(SolutionProperties) = preSolution
		HideSolutionNode = FALSE
	EndGlobalSection
	GlobalSection(ExtensibilityGlobals) = postSolution
		SolutionGuid = {841CF943-8F18-4CA6-A311-FC097EFFD78C}
	EndGlobalSection
EndGlobal
